
Microsoft Visual Studio Solution File, Format Version 12.00
# Visual Studio Version 16
VisualStudioVersion = 16.0.31829.152
MinimumVisualStudioVersion = 10.0.40219.1
Project("{8BC9CEB8-8B4A-11D0-8D11-00A0C91BC942}") = "继承中构造和析构的顺序", "继承中构造和析构的顺序.vcxproj", "{586AF562-708B-45F2-88F6-F46563D6621D}"
EndProject
Global
	GlobalSection(SolutionConfigurationPlatforms) = preSolution
		Debug|x64 = Debug|x64
		Debug|x86 = Debug|x86
		Release|x64 = Release|x64
		Release|x86 = Release|x86
	EndGlobalSection
	GlobalSection(ProjectConfigurationPlatforms) = postSolution
		{586AF562-708B-45F2-88F6-F46563D6621D}.Debug|x64.ActiveCfg = Debug|x64
		{586AF562-708B-45F2-88F6-F46563D6621D}.Debug|x64.Build.0 = Debug|x64
		{586AF562-708B-45F2-88F6-F46563D6621D}.Debug|x86.ActiveCfg = Debug|Win32
		{586AF562-708B-45F2-88F6-F46563D6621D}.Debug|x86.Build.0 = Debug|Win32
		{586AF562-708B-45F2-88F6-F46563D6621D}.Release|x64.ActiveCfg = Release|x64
		{586AF562-708B-45F2-88F6-F46563D6621D}.Release|x64.Build.0 = Release|x64
		{586AF562-708B-45F2-88F6-F46563D6621D}.Release|x86.ActiveCfg = Release|Win32
		{586AF562-708B-45F2-88F6-F46563D6621D}.Release|x86.Build.0 = Release|Win32
	EndGlobalSection
	GlobalSection(SolutionProperties) = preSolution
		HideSolutionNode = FALSE
	EndGlobalSection
	GlobalSection(ExtensibilityGlobals) = postSolution
		SolutionGuid = {61D68C09-AD83-4410-927B-A1CE52082F97}
	EndGlobalSection
EndGlobal
