
Microsoft Visual Studio Solution File, Format Version 12.00
# Visual Studio Version 16
VisualStudioVersion = 16.0.31829.152
MinimumVisualStudioVersion = 10.0.40219.1
Project("{8BC9CEB8-8B4A-11D0-8D11-00A0C91BC942}") = "常量引用", "常量引用.vcxproj", "{86C85317-05C1-485D-9C0E-D2B7CE0D46C4}"
EndProject
Global
	GlobalSection(SolutionConfigurationPlatforms) = preSolution
		Debug|x64 = Debug|x64
		Debug|x86 = Debug|x86
		Release|x64 = Release|x64
		Release|x86 = Release|x86
	EndGlobalSection
	GlobalSection(ProjectConfigurationPlatforms) = postSolution
		{86C85317-05C1-485D-9C0E-D2B7CE0D46C4}.Debug|x64.ActiveCfg = Debug|x64
		{86C85317-05C1-485D-9C0E-D2B7CE0D46C4}.Debug|x64.Build.0 = Debug|x64
		{86C85317-05C1-485D-9C0E-D2B7CE0D46C4}.Debug|x86.ActiveCfg = Debug|Win32
		{86C85317-05C1-485D-9C0E-D2B7CE0D46C4}.Debug|x86.Build.0 = Debug|Win32
		{86C85317-05C1-485D-9C0E-D2B7CE0D46C4}.Release|x64.ActiveCfg = Release|x64
		{86C85317-05C1-485D-9C0E-D2B7CE0D46C4}.Release|x64.Build.0 = Release|x64
		{86C85317-05C1-485D-9C0E-D2B7CE0D46C4}.Release|x86.ActiveCfg = Release|Win32
		{86C85317-05C1-485D-9C0E-D2B7CE0D46C4}.Release|x86.Build.0 = Release|Win32
	EndGlobalSection
	GlobalSection(SolutionProperties) = preSolution
		HideSolutionNode = FALSE
	EndGlobalSection
	GlobalSection(ExtensibilityGlobals) = postSolution
		SolutionGuid = {1C6FF450-D61B-47F2-B0C0-C8BD59197652}
	EndGlobalSection
EndGlobal
