
Microsoft Visual Studio Solution File, Format Version 12.00
# Visual Studio Version 16
VisualStudioVersion = 16.0.31829.152
MinimumVisualStudioVersion = 10.0.40219.1
Project("{8BC9CEB8-8B4A-11D0-8D11-00A0C91BC942}") = "const修饰常量", "const修饰常量.vcxproj", "{CA6DCDE3-8B65-4652-92F3-CE6B29846978}"
EndProject
Global
	GlobalSection(SolutionConfigurationPlatforms) = preSolution
		Debug|x64 = Debug|x64
		Debug|x86 = Debug|x86
		Release|x64 = Release|x64
		Release|x86 = Release|x86
	EndGlobalSection
	GlobalSection(ProjectConfigurationPlatforms) = postSolution
		{CA6DCDE3-8B65-4652-92F3-CE6B29846978}.Debug|x64.ActiveCfg = Debug|x64
		{CA6DCDE3-8B65-4652-92F3-CE6B29846978}.Debug|x64.Build.0 = Debug|x64
		{CA6DCDE3-8B65-4652-92F3-CE6B29846978}.Debug|x86.ActiveCfg = Debug|Win32
		{CA6DCDE3-8B65-4652-92F3-CE6B29846978}.Debug|x86.Build.0 = Debug|Win32
		{CA6DCDE3-8B65-4652-92F3-CE6B29846978}.Release|x64.ActiveCfg = Release|x64
		{CA6DCDE3-8B65-4652-92F3-CE6B29846978}.Release|x64.Build.0 = Release|x64
		{CA6DCDE3-8B65-4652-92F3-CE6B29846978}.Release|x86.ActiveCfg = Release|Win32
		{CA6DCDE3-8B65-4652-92F3-CE6B29846978}.Release|x86.Build.0 = Release|Win32
	EndGlobalSection
	GlobalSection(SolutionProperties) = preSolution
		HideSolutionNode = FALSE
	EndGlobalSection
	GlobalSection(ExtensibilityGlobals) = postSolution
		SolutionGuid = {7B38DADD-4E9D-40BE-B7B2-529FE47AEEAC}
	EndGlobalSection
EndGlobal
